<Solution>
  <Folder Name="/src/">
    <Project Path="src/Qora.Core/Qora.Core.csproj" />
    <Project Path="src/Qora.Playground/Qora.Playground.csproj" />
    <Project Path="src/Qora/Qora.csproj" />
  </Folder>
  <Folder Name="/tests/">
    <Project Path="tests/Qora.Tests/Qora.Tests.csproj" />
  </Folder>
</Solution>
